// !$*UTF8*$!
{
	archiveVersion = 1;
	classes = {
	};
	objectVersion = 55;
	objects = {

/* Begin PBXBuildFile section */
		04982E532902955400340435 /* JokesViewModel.swift in Sources */ = {isa = PBXBuildFile; fileRef = 04982E522902955400340435 /* JokesViewModel.swift */; };
		04982E55290297A200340435 /* JokesModel.swift in Sources */ = {isa = PBXBuildFile; fileRef = 04982E54290297A200340435 /* JokesModel.swift */; };
		04A73725290278470045B1D7 /* AppDelegate.swift in Sources */ = {isa = PBXBuildFile; fileRef = 04A73724290278470045B1D7 /* AppDelegate.swift */; };
		04A73727290278470045B1D7 /* SceneDelegate.swift in Sources */ = {isa = PBXBuildFile; fileRef = 04A73726290278470045B1D7 /* SceneDelegate.swift */; };
		04A73729290278470045B1D7 /* ViewController.swift in Sources */ = {isa = PBXBuildFile; fileRef = 04A73728290278470045B1D7 /* ViewController.swift */; };
		04A7372C290278470045B1D7 /* Main.storyboard in Resources */ = {isa = PBXBuildFile; fileRef = 04A7372A290278470045B1D7 /* Main.storyboard */; };
		04A7372F290278470045B1D7 /* JokesApp.xcdatamodeld in Sources */ = {isa = PBXBuildFile; fileRef = 04A7372D290278470045B1D7 /* JokesApp.xcdatamodeld */; };
		04A73731290278480045B1D7 /* Assets.xcassets in Resources */ = {isa = PBXBuildFile; fileRef = 04A73730290278480045B1D7 /* Assets.xcassets */; };
		04A73734290278480045B1D7 /* LaunchScreen.storyboard in Resources */ = {isa = PBXBuildFile; fileRef = 04A73732290278480045B1D7 /* LaunchScreen.storyboard */; };
		04A7373F290278490045B1D7 /* JokesAppTests.swift in Sources */ = {isa = PBXBuildFile; fileRef = 04A7373E290278490045B1D7 /* JokesAppTests.swift */; };
		04A73749290278490045B1D7 /* JokesAppUITests.swift in Sources */ = {isa = PBXBuildFile; fileRef = 04A73748290278490045B1D7 /* JokesAppUITests.swift */; };
		04A7374B290278490045B1D7 /* JokesAppUITestsLaunchTests.swift in Sources */ = {isa = PBXBuildFile; fileRef = 04A7374A290278490045B1D7 /* JokesAppUITestsLaunchTests.swift */; };
		965326B88D415A39926EA23D /* Pods_JokesApp.framework in Frameworks */ = {isa = PBXBuildFile; fileRef = A4D7D891ED4CF81E041E5D69 /* Pods_JokesApp.framework */; };
		990DDE4E3F683FAA4FEC25A9 /* Pods_JokesAppTests.framework in Frameworks */ = {isa = PBXBuildFile; fileRef = DB23897E454815E7CC58A0DB /* Pods_JokesAppTests.framework */; };
		BCC69E36531A2A0E843F5110 /* Pods_JokesApp_JokesAppUITests.framework in Frameworks */ = {isa = PBXBuildFile; fileRef = C3B646CF306A38B80873DEC1 /* Pods_JokesApp_JokesAppUITests.framework */; };
/* End PBXBuildFile section */

/* Begin PBXContainerItemProxy section */
		04A7373B290278490045B1D7 /* PBXContainerItemProxy */ = {
			isa = PBXContainerItemProxy;
			containerPortal = 04A73719290278470045B1D7 /* Project object */;
			proxyType = 1;
			remoteGlobalIDString = 04A73720290278470045B1D7;
			remoteInfo = JokesApp;
		};
		04A73745290278490045B1D7 /* PBXContainerItemProxy */ = {
			isa = PBXContainerItemProxy;
			containerPortal = 04A73719290278470045B1D7 /* Project object */;
			proxyType = 1;
			remoteGlobalIDString = 04A73720290278470045B1D7;
			remoteInfo = JokesApp;
		};
/* End PBXContainerItemProxy section */

/* Begin PBXFileReference section */
		04982E522902955400340435 /* JokesViewModel.swift */ = {isa = PBXFileReference; lastKnownFileType = sourcecode.swift; path = JokesViewModel.swift; sourceTree = "<group>"; };
		04982E54290297A200340435 /* JokesModel.swift */ = {isa = PBXFileReference; lastKnownFileType = sourcecode.swift; path = JokesModel.swift; sourceTree = "<group>"; };
		04A73721290278470045B1D7 /* JokesApp.app */ = {isa = PBXFileReference; explicitFileType = wrapper.application; includeInIndex = 0; path = JokesApp.app; sourceTree = BUILT_PRODUCTS_DIR; };
		04A73724290278470045B1D7 /* AppDelegate.swift */ = {isa = PBXFileReference; lastKnownFileType = sourcecode.swift; path = AppDelegate.swift; sourceTree = "<group>"; };
		04A73726290278470045B1D7 /* SceneDelegate.swift */ = {isa = PBXFileReference; lastKnownFileType = sourcecode.swift; path = SceneDelegate.swift; sourceTree = "<group>"; };
		04A73728290278470045B1D7 /* ViewController.swift */ = {isa = PBXFileReference; lastKnownFileType = sourcecode.swift; path = ViewController.swift; sourceTree = "<group>"; };
		04A7372B290278470045B1D7 /* Base */ = {isa = PBXFileReference; lastKnownFileType = file.storyboard; name = Base; path = Base.lproj/Main.storyboard; sourceTree = "<group>"; };
		04A7372E290278470045B1D7 /* JokesApp.xcdatamodel */ = {isa = PBXFileReference; lastKnownFileType = wrapper.xcdatamodel; path = JokesApp.xcdatamodel; sourceTree = "<group>"; };
		04A73730290278480045B1D7 /* Assets.xcassets */ = {isa = PBXFileReference; lastKnownFileType = folder.assetcatalog; path = Assets.xcassets; sourceTree = "<group>"; };
		04A73733290278480045B1D7 /* Base */ = {isa = PBXFileReference; lastKnownFileType = file.storyboard; name = Base; path = Base.lproj/LaunchScreen.storyboard; sourceTree = "<group>"; };
		04A73735290278480045B1D7 /* Info.plist */ = {isa = PBXFileReference; lastKnownFileType = text.plist.xml; path = Info.plist; sourceTree = "<group>"; };
		04A7373A290278490045B1D7 /* JokesAppTests.xctest */ = {isa = PBXFileReference; explicitFileType = wrapper.cfbundle; includeInIndex = 0; path = JokesAppTests.xctest; sourceTree = BUILT_PRODUCTS_DIR; };
		04A7373E290278490045B1D7 /* JokesAppTests.swift */ = {isa = PBXFileReference; lastKnownFileType = sourcecode.swift; path = JokesAppTests.swift; sourceTree = "<group>"; };
		04A73744290278490045B1D7 /* JokesAppUITests.xctest */ = {isa = PBXFileReference; explicitFileType = wrapper.cfbundle; includeInIndex = 0; path = JokesAppUITests.xctest; sourceTree = BUILT_PRODUCTS_DIR; };
		04A73748290278490045B1D7 /* JokesAppUITests.swift */ = {isa = PBXFileReference; lastKnownFileType = sourcecode.swift; path = JokesAppUITests.swift; sourceTree = "<group>"; };
		04A7374A290278490045B1D7 /* JokesAppUITestsLaunchTests.swift */ = {isa = PBXFileReference; lastKnownFileType = sourcecode.swift; path = JokesAppUITestsLaunchTests.swift; sourceTree = "<group>"; };
		0966B73759D91DC8AFB5B556 /* Pods-JokesApp.release.xcconfig */ = {isa = PBXFileReference; includeInIndex = 1; lastKnownFileType = text.xcconfig; name = "Pods-JokesApp.release.xcconfig"; path = "Target Support Files/Pods-JokesApp/Pods-JokesApp.release.xcconfig"; sourceTree = "<group>"; };
		0D87823BED77191058D792A2 /* Pods-JokesApp-JokesAppUITests.debug.xcconfig */ = {isa = PBXFileReference; includeInIndex = 1; lastKnownFileType = text.xcconfig; name = "Pods-JokesApp-JokesAppUITests.debug.xcconfig"; path = "Target Support Files/Pods-JokesApp-JokesAppUITests/Pods-JokesApp-JokesAppUITests.debug.xcconfig"; sourceTree = "<group>"; };
		40471F5190647F1C5C79629A /* Pods-JokesAppTests.debug.xcconfig */ = {isa = PBXFileReference; includeInIndex = 1; lastKnownFileType = text.xcconfig; name = "Pods-JokesAppTests.debug.xcconfig"; path = "Target Support Files/Pods-JokesAppTests/Pods-JokesAppTests.debug.xcconfig"; sourceTree = "<group>"; };
		8530DA48F9009C9EFFD01126 /* Pods-JokesApp-JokesAppUITests.release.xcconfig */ = {isa = PBXFileReference; includeInIndex = 1; lastKnownFileType = text.xcconfig; name = "Pods-JokesApp-JokesAppUITests.release.xcconfig"; path = "Target Support Files/Pods-JokesApp-JokesAppUITests/Pods-JokesApp-JokesAppUITests.release.xcconfig"; sourceTree = "<group>"; };
		92F7D8A4508E4D8636175017 /* Pods-JokesApp.debug.xcconfig */ = {isa = PBXFileReference; includeInIndex = 1; lastKnownFileType = text.xcconfig; name = "Pods-JokesApp.debug.xcconfig"; path = "Target Support Files/Pods-JokesApp/Pods-JokesApp.debug.xcconfig"; sourceTree = "<group>"; };
		9E45CC88D0D0FD224CB71386 /* Pods-JokesAppTests.release.xcconfig */ = {isa = PBXFileReference; includeInIndex = 1; lastKnownFileType = text.xcconfig; name = "Pods-JokesAppTests.release.xcconfig"; path = "Target Support Files/Pods-JokesAppTests/Pods-JokesAppTests.release.xcconfig"; sourceTree = "<group>"; };
		A4D7D891ED4CF81E041E5D69 /* Pods_JokesApp.framework */ = {isa = PBXFileReference; explicitFileType = wrapper.framework; includeInIndex = 0; path = Pods_JokesApp.framework; sourceTree = BUILT_PRODUCTS_DIR; };
		C3B646CF306A38B80873DEC1 /* Pods_JokesApp_JokesAppUITests.framework */ = {isa = PBXFileReference; explicitFileType = wrapper.framework; includeInIndex = 0; path = Pods_JokesApp_JokesAppUITests.framework; sourceTree = BUILT_PRODUCTS_DIR; };
		DB23897E454815E7CC58A0DB /* Pods_JokesAppTests.framework */ = {isa = PBXFileReference; explicitFileType = wrapper.framework; includeInIndex = 0; path = Pods_JokesAppTests.framework; sourceTree = BUILT_PRODUCTS_DIR; };
/* End PBXFileReference section */

/* Begin PBXFrameworksBuildPhase section */
		04A7371E290278470045B1D7 /* Frameworks */ = {
			isa = PBXFrameworksBuildPhase;
			buildActionMask = 2147483647;
			files = (
				965326B88D415A39926EA23D /* Pods_JokesApp.framework in Frameworks */,
			);
			runOnlyForDeploymentPostprocessing = 0;
		};
		04A73737290278490045B1D7 /* Frameworks */ = {
			isa = PBXFrameworksBuildPhase;
			buildActionMask = 2147483647;
			files = (
				990DDE4E3F683FAA4FEC25A9 /* Pods_JokesAppTests.framework in Frameworks */,
			);
			runOnlyForDeploymentPostprocessing = 0;
		};
		04A73741290278490045B1D7 /* Frameworks */ = {
			isa = PBXFrameworksBuildPhase;
			buildActionMask = 2147483647;
			files = (
				BCC69E36531A2A0E843F5110 /* Pods_JokesApp_JokesAppUITests.framework in Frameworks */,
			);
			runOnlyForDeploymentPostprocessing = 0;
		};
/* End PBXFrameworksBuildPhase section */

/* Begin PBXGroup section */
		04982E4C2902937700340435 /* Model */ = {
			isa = PBXGroup;
			children = (
				04982E54290297A200340435 /* JokesModel.swift */,
			);
			path = Model;
			sourceTree = "<group>";
		};
		04982E4D290293E300340435 /* View */ = {
			isa = PBXGroup;
			children = (
			);
			path = View;
			sourceTree = "<group>";
		};
		04982E4E290293EB00340435 /* ViewModel */ = {
			isa = PBXGroup;
			children = (
				04982E522902955400340435 /* JokesViewModel.swift */,
			);
			path = ViewModel;
			sourceTree = "<group>";
		};
		04982E4F290293F600340435 /* Controller */ = {
			isa = PBXGroup;
			children = (
				04A73728290278470045B1D7 /* ViewController.swift */,
			);
			path = Controller;
			sourceTree = "<group>";
		};
		04A73718290278470045B1D7 = {
			isa = PBXGroup;
			children = (
				04A73723290278470045B1D7 /* JokesApp */,
				04A7373D290278490045B1D7 /* JokesAppTests */,
				04A73747290278490045B1D7 /* JokesAppUITests */,
				04A73722290278470045B1D7 /* Products */,
				FDFCA6872C6E9DE447EECE76 /* Pods */,
				AFA3058802ADC53694BC1776 /* Frameworks */,
			);
			sourceTree = "<group>";
		};
		04A73722290278470045B1D7 /* Products */ = {
			isa = PBXGroup;
			children = (
				04A73721290278470045B1D7 /* JokesApp.app */,
				04A7373A290278490045B1D7 /* JokesAppTests.xctest */,
				04A73744290278490045B1D7 /* JokesAppUITests.xctest */,
			);
			name = Products;
			sourceTree = "<group>";
		};
		04A73723290278470045B1D7 /* JokesApp */ = {
			isa = PBXGroup;
			children = (
				04982E4F290293F600340435 /* Controller */,
				04982E4E290293EB00340435 /* ViewModel */,
				04982E4D290293E300340435 /* View */,
				04982E4C2902937700340435 /* Model */,
				04A73724290278470045B1D7 /* AppDelegate.swift */,
				04A73726290278470045B1D7 /* SceneDelegate.swift */,
				04A7372A290278470045B1D7 /* Main.storyboard */,
				04A73730290278480045B1D7 /* Assets.xcassets */,
				04A73732290278480045B1D7 /* LaunchScreen.storyboard */,
				04A73735290278480045B1D7 /* Info.plist */,
				04A7372D290278470045B1D7 /* JokesApp.xcdatamodeld */,
			);
			path = JokesApp;
			sourceTree = "<group>";
		};
		04A7373D290278490045B1D7 /* JokesAppTests */ = {
			isa = PBXGroup;
			children = (
				04A7373E290278490045B1D7 /* JokesAppTests.swift */,
			);
			path = JokesAppTests;
			sourceTree = "<group>";
		};
		04A73747290278490045B1D7 /* JokesAppUITests */ = {
			isa = PBXGroup;
			children = (
				04A73748290278490045B1D7 /* JokesAppUITests.swift */,
				04A7374A290278490045B1D7 /* JokesAppUITestsLaunchTests.swift */,
			);
			path = JokesAppUITests;
			sourceTree = "<group>";
		};
		AFA3058802ADC53694BC1776 /* Frameworks */ = {
			isa = PBXGroup;
			children = (
				A4D7D891ED4CF81E041E5D69 /* Pods_JokesApp.framework */,
				C3B646CF306A38B80873DEC1 /* Pods_JokesApp_JokesAppUITests.framework */,
				DB23897E454815E7CC58A0DB /* Pods_JokesAppTests.framework */,
			);
			name = Frameworks;
			sourceTree = "<group>";
		};
		FDFCA6872C6E9DE447EECE76 /* Pods */ = {
			isa = PBXGroup;
			children = (
				92F7D8A4508E4D8636175017 /* Pods-JokesApp.debug.xcconfig */,
				0966B73759D91DC8AFB5B556 /* Pods-JokesApp.release.xcconfig */,
				0D87823BED77191058D792A2 /* Pods-JokesApp-JokesAppUITests.debug.xcconfig */,
				8530DA48F9009C9EFFD01126 /* Pods-JokesApp-JokesAppUITests.release.xcconfig */,
				40471F5190647F1C5C79629A /* Pods-JokesAppTests.debug.xcconfig */,
				9E45CC88D0D0FD224CB71386 /* Pods-JokesAppTests.release.xcconfig */,
			);
			path = Pods;
			sourceTree = "<group>";
		};
/* End PBXGroup section */

/* Begin PBXNativeTarget section */
		04A73720290278470045B1D7 /* JokesApp */ = {
			isa = PBXNativeTarget;
			buildConfigurationList = 04A7374E290278490045B1D7 /* Build configuration list for PBXNativeTarget "JokesApp" */;
			buildPhases = (
				C3FF662B54CA3C1A3D87892C /* [CP] Check Pods Manifest.lock */,
				04A7371D290278470045B1D7 /* Sources */,
				04A7371E290278470045B1D7 /* Frameworks */,
				04A7371F290278470045B1D7 /* Resources */,
				CF595B0E50D547A4E9AC3F54 /* [CP] Embed Pods Frameworks */,
			);
			buildRules = (
			);
			dependencies = (
			);
			name = JokesApp;
			productName = JokesApp;
			productReference = 04A73721290278470045B1D7 /* JokesApp.app */;
			productType = "com.apple.product-type.application";
		};
		04A73739290278490045B1D7 /* JokesAppTests */ = {
			isa = PBXNativeTarget;
			buildConfigurationList = 04A73751290278490045B1D7 /* Build configuration list for PBXNativeTarget "JokesAppTests" */;
			buildPhases = (
				EB2E5F1359E7D67C0D92B90A /* [CP] Check Pods Manifest.lock */,
				04A73736290278490045B1D7 /* Sources */,
				04A73737290278490045B1D7 /* Frameworks */,
				04A73738290278490045B1D7 /* Resources */,
			);
			buildRules = (
			);
			dependencies = (
				04A7373C290278490045B1D7 /* PBXTargetDependency */,
			);
			name = JokesAppTests;
			productName = JokesAppTests;
			productReference = 04A7373A290278490045B1D7 /* JokesAppTests.xctest */;
			productType = "com.apple.product-type.bundle.unit-test";
		};
		04A73743290278490045B1D7 /* JokesAppUITests */ = {
			isa = PBXNativeTarget;
			buildConfigurationList = 04A73754290278490045B1D7 /* Build configuration list for PBXNativeTarget "JokesAppUITests" */;
			buildPhases = (
				78629B7C38AE082FB1FC6A3E /* [CP] Check Pods Manifest.lock */,
				04A73740290278490045B1D7 /* Sources */,
				04A73741290278490045B1D7 /* Frameworks */,
				04A73742290278490045B1D7 /* Resources */,
				0FC17A9A6EB46272B72C1419 /* [CP] Embed Pods Frameworks */,
			);
			buildRules = (
			);
			dependencies = (
				04A73746290278490045B1D7 /* PBXTargetDependency */,
			);
			name = JokesAppUITests;
			productName = JokesAppUITests;
			productReference = 04A73744290278490045B1D7 /* JokesAppUITests.xctest */;
			productType = "com.apple.product-type.bundle.ui-testing";
		};
/* End PBXNativeTarget section */

/* Begin PBXProject section */
		04A73719290278470045B1D7 /* Project object */ = {
			isa = PBXProject;
			attributes = {
				BuildIndependentTargetsInParallel = 1;
				LastSwiftUpdateCheck = 1340;
				LastUpgradeCheck = 1340;
				TargetAttributes = {
					04A73720290278470045B1D7 = {
						CreatedOnToolsVersion = 13.4.1;
					};
					04A73739290278490045B1D7 = {
						CreatedOnToolsVersion = 13.4.1;
						TestTargetID = 04A73720290278470045B1D7;
					};
					04A73743290278490045B1D7 = {
						CreatedOnToolsVersion = 13.4.1;
						TestTargetID = 04A73720290278470045B1D7;
					};
				};
			};
			buildConfigurationList = 04A7371C290278470045B1D7 /* Build configuration list for PBXProject "JokesApp" */;
			compatibilityVersion = "Xcode 13.0";
			developmentRegion = en;
			hasScannedForEncodings = 0;
			knownRegions = (
				en,
				Base,
			);
			mainGroup = 04A73718290278470045B1D7;
			productRefGroup = 04A73722290278470045B1D7 /* Products */;
			projectDirPath = "";
			projectRoot = "";
			targets = (
				04A73720290278470045B1D7 /* JokesApp */,
				04A73739290278490045B1D7 /* JokesAppTests */,
				04A73743290278490045B1D7 /* JokesAppUITests */,
			);
		};
/* End PBXProject section */

/* Begin PBXResourcesBuildPhase section */
		04A7371F290278470045B1D7 /* Resources */ = {
			isa = PBXResourcesBuildPhase;
			buildActionMask = 2147483647;
			files = (
				04A73734290278480045B1D7 /* LaunchScreen.storyboard in Resources */,
				04A73731290278480045B1D7 /* Assets.xcassets in Resources */,
				04A7372C290278470045B1D7 /* Main.storyboard in Resources */,
			);
			runOnlyForDeploymentPostprocessing = 0;
		};
		04A73738290278490045B1D7 /* Resources */ = {
			isa = PBXResourcesBuildPhase;
			buildActionMask = 2147483647;
			files = (
			);
			runOnlyForDeploymentPostprocessing = 0;
		};
		04A73742290278490045B1D7 /* Resources */ = {
			isa = PBXResourcesBuildPhase;
			buildActionMask = 2147483647;
			files = (
			);
			runOnlyForDeploymentPostprocessing = 0;
		};
/* End PBXResourcesBuildPhase section */

/* Begin PBXShellScriptBuildPhase section */
		0FC17A9A6EB46272B72C1419 /* [CP] Embed Pods Frameworks */ = {
			isa = PBXShellScriptBuildPhase;
			buildActionMask = 2147483647;
			files = (
			);
			inputFileListPaths = (
				"${PODS_ROOT}/Target Support Files/Pods-JokesApp-JokesAppUITests/Pods-JokesApp-JokesAppUITests-frameworks-${CONFIGURATION}-input-files.xcfilelist",
			);
			name = "[CP] Embed Pods Frameworks";
			outputFileListPaths = (
				"${PODS_ROOT}/Target Support Files/Pods-JokesApp-JokesAppUITests/Pods-JokesApp-JokesAppUITests-frameworks-${CONFIGURATION}-output-files.xcfilelist",
			);
			runOnlyForDeploymentPostprocessing = 0;
			shellPath = /bin/sh;
			shellScript = "\"${PODS_ROOT}/Target Support Files/Pods-JokesApp-JokesAppUITests/Pods-JokesApp-JokesAppUITests-frameworks.sh\"\n";
			showEnvVarsInLog = 0;
		};
		78629B7C38AE082FB1FC6A3E /* [CP] Check Pods Manifest.lock */ = {
			isa = PBXShellScriptBuildPhase;
			buildActionMask = 2147483647;
			files = (
			);
			inputFileListPaths = (
			);
			inputPaths = (
				"${PODS_PODFILE_DIR_PATH}/Podfile.lock",
				"${PODS_ROOT}/Manifest.lock",
			);
			name = "[CP] Check Pods Manifest.lock";
			outputFileListPaths = (
			);
			outputPaths = (
				"$(DERIVED_FILE_DIR)/Pods-JokesApp-JokesAppUITests-checkManifestLockResult.txt",
			);
			runOnlyForDeploymentPostprocessing = 0;
			shellPath = /bin/sh;
			shellScript = "diff \"${PODS_PODFILE_DIR_PATH}/Podfile.lock\" \"${PODS_ROOT}/Manifest.lock\" > /dev/null\nif [ $? != 0 ] ; then\n    # print error to STDERR\n    echo \"error: The sandbox is not in sync with the Podfile.lock. Run 'pod install' or update your CocoaPods installation.\" >&2\n    exit 1\nfi\n# This output is used by Xcode 'outputs' to avoid re-running this script phase.\necho \"SUCCESS\" > \"${SCRIPT_OUTPUT_FILE_0}\"\n";
			showEnvVarsInLog = 0;
		};
		C3FF662B54CA3C1A3D87892C /* [CP] Check Pods Manifest.lock */ = {
			isa = PBXShellScriptBuildPhase;
			buildActionMask = 2147483647;
			files = (
			);
			inputFileListPaths = (
			);
			inputPaths = (
				"${PODS_PODFILE_DIR_PATH}/Podfile.lock",
				"${PODS_ROOT}/Manifest.lock",
			);
			name = "[CP] Check Pods Manifest.lock";
			outputFileListPaths = (
			);
			outputPaths = (
				"$(DERIVED_FILE_DIR)/Pods-JokesApp-checkManifestLockResult.txt",
			);
			runOnlyForDeploymentPostprocessing = 0;
			shellPath = /bin/sh;
			shellScript = "diff \"${PODS_PODFILE_DIR_PATH}/Podfile.lock\" \"${PODS_ROOT}/Manifest.lock\" > /dev/null\nif [ $? != 0 ] ; then\n    # print error to STDERR\n    echo \"error: The sandbox is not in sync with the Podfile.lock. Run 'pod install' or update your CocoaPods installation.\" >&2\n    exit 1\nfi\n# This output is used by Xcode 'outputs' to avoid re-running this script phase.\necho \"SUCCESS\" > \"${SCRIPT_OUTPUT_FILE_0}\"\n";
			showEnvVarsInLog = 0;
		};
		CF595B0E50D547A4E9AC3F54 /* [CP] Embed Pods Frameworks */ = {
			isa = PBXShellScriptBuildPhase;
			buildActionMask = 2147483647;
			files = (
			);
			inputFileListPaths = (
				"${PODS_ROOT}/Target Support Files/Pods-JokesApp/Pods-JokesApp-frameworks-${CONFIGURATION}-input-files.xcfilelist",
			);
			name = "[CP] Embed Pods Frameworks";
			outputFileListPaths = (
				"${PODS_ROOT}/Target Support Files/Pods-JokesApp/Pods-JokesApp-frameworks-${CONFIGURATION}-output-files.xcfilelist",
			);
			runOnlyForDeploymentPostprocessing = 0;
			shellPath = /bin/sh;
			shellScript = "\"${PODS_ROOT}/Target Support Files/Pods-JokesApp/Pods-JokesApp-frameworks.sh\"\n";
			showEnvVarsInLog = 0;
		};
		EB2E5F1359E7D67C0D92B90A /* [CP] Check Pods Manifest.lock */ = {
			isa = PBXShellScriptBuildPhase;
			buildActionMask = 2147483647;
			files = (
			);
			inputFileListPaths = (
			);
			inputPaths = (
				"${PODS_PODFILE_DIR_PATH}/Podfile.lock",
				"${PODS_ROOT}/Manifest.lock",
			);
			name = "[CP] Check Pods Manifest.lock";
			outputFileListPaths = (
			);
			outputPaths = (
				"$(DERIVED_FILE_DIR)/Pods-JokesAppTests-checkManifestLockResult.txt",
			);
			runOnlyForDeploymentPostprocessing = 0;
			shellPath = /bin/sh;
			shellScript = "diff \"${PODS_PODFILE_DIR_PATH}/Podfile.lock\" \"${PODS_ROOT}/Manifest.lock\" > /dev/null\nif [ $? != 0 ] ; then\n    # print error to STDERR\n    echo \"error: The sandbox is not in sync with the Podfile.lock. Run 'pod install' or update your CocoaPods installation.\" >&2\n    exit 1\nfi\n# This output is used by Xcode 'outputs' to avoid re-running this script phase.\necho \"SUCCESS\" > \"${SCRIPT_OUTPUT_FILE_0}\"\n";
			showEnvVarsInLog = 0;
		};
/* End PBXShellScriptBuildPhase section */

/* Begin PBXSourcesBuildPhase section */
		04A7371D290278470045B1D7 /* Sources */ = {
			isa = PBXSourcesBuildPhase;
			buildActionMask = 2147483647;
			files = (
				04A73729290278470045B1D7 /* ViewController.swift in Sources */,
				04A73725290278470045B1D7 /* AppDelegate.swift in Sources */,
				04A7372F290278470045B1D7 /* JokesApp.xcdatamodeld in Sources */,
				04A73727290278470045B1D7 /* SceneDelegate.swift in Sources */,
				04982E55290297A200340435 /* JokesModel.swift in Sources */,
				04982E532902955400340435 /* JokesViewModel.swift in Sources */,
			);
			runOnlyForDeploymentPostprocessing = 0;
		};
		04A73736290278490045B1D7 /* Sources */ = {
			isa = PBXSourcesBuildPhase;
			buildActionMask = 2147483647;
			files = (
				04A7373F290278490045B1D7 /* JokesAppTests.swift in Sources */,
			);
			runOnlyForDeploymentPostprocessing = 0;
		};
		04A73740290278490045B1D7 /* Sources */ = {
			isa = PBXSourcesBuildPhase;
			buildActionMask = 2147483647;
			files = (
				04A7374B290278490045B1D7 /* JokesAppUITestsLaunchTests.swift in Sources */,
				04A73749290278490045B1D7 /* JokesAppUITests.swift in Sources */,
			);
			runOnlyForDeploymentPostprocessing = 0;
		};
/* End PBXSourcesBuildPhase section */

/* Begin PBXTargetDependency section */
		04A7373C290278490045B1D7 /* PBXTargetDependency */ = {
			isa = PBXTargetDependency;
			target = 04A73720290278470045B1D7 /* JokesApp */;
			targetProxy = 04A7373B290278490045B1D7 /* PBXContainerItemProxy */;
		};
		04A73746290278490045B1D7 /* PBXTargetDependency */ = {
			isa = PBXTargetDependency;
			target = 04A73720290278470045B1D7 /* JokesApp */;
			targetProxy = 04A73745290278490045B1D7 /* PBXContainerItemProxy */;
		};
/* End PBXTargetDependency section */

/* Begin PBXVariantGroup section */
		04A7372A290278470045B1D7 /* Main.storyboard */ = {
			isa = PBXVariantGroup;
			children = (
				04A7372B290278470045B1D7 /* Base */,
			);
			name = Main.storyboard;
			sourceTree = "<group>";
		};
		04A73732290278480045B1D7 /* LaunchScreen.storyboard */ = {
			isa = PBXVariantGroup;
			children = (
				04A73733290278480045B1D7 /* Base */,
			);
			name = LaunchScreen.storyboard;
			sourceTree = "<group>";
		};
/* End PBXVariantGroup section */

/* Begin XCBuildConfiguration section */
		04A7374C290278490045B1D7 /* Debug */ = {
			isa = XCBuildConfiguration;
			buildSettings = {
				ALWAYS_SEARCH_USER_PATHS = NO;
				CLANG_ANALYZER_NONNULL = YES;
				CLANG_ANALYZER_NUMBER_OBJECT_CONVERSION = YES_AGGRESSIVE;
				CLANG_CXX_LANGUAGE_STANDARD = "gnu++17";
				CLANG_ENABLE_MODULES = YES;
				CLANG_ENABLE_OBJC_ARC = YES;
				CLANG_ENABLE_OBJC_WEAK = YES;
				CLANG_WARN_BLOCK_CAPTURE_AUTORELEASING = YES;
				CLANG_WARN_BOOL_CONVERSION = YES;
				CLANG_WARN_COMMA = YES;
				CLANG_WARN_CONSTANT_CONVERSION = YES;
				CLANG_WARN_DEPRECATED_OBJC_IMPLEMENTATIONS = YES;
				CLANG_WARN_DIRECT_OBJC_ISA_USAGE = YES_ERROR;
				CLANG_WARN_DOCUMENTATION_COMMENTS = YES;
				CLANG_WARN_EMPTY_BODY = YES;
				CLANG_WARN_ENUM_CONVERSION = YES;
				CLANG_WARN_INFINITE_RECURSION = YES;
				CLANG_WARN_INT_CONVERSION = YES;
				CLANG_WARN_NON_LITERAL_NULL_CONVERSION = YES;
				CLANG_WARN_OBJC_IMPLICIT_RETAIN_SELF = YES;
				CLANG_WARN_OBJC_LITERAL_CONVERSION = YES;
				CLANG_WARN_OBJC_ROOT_CLASS = YES_ERROR;
				CLANG_WARN_QUOTED_INCLUDE_IN_FRAMEWORK_HEADER = YES;
				CLANG_WARN_RANGE_LOOP_ANALYSIS = YES;
				CLANG_WARN_STRICT_PROTOTYPES = YES;
				CLANG_WARN_SUSPICIOUS_MOVE = YES;
				CLANG_WARN_UNGUARDED_AVAILABILITY = YES_AGGRESSIVE;
				CLANG_WARN_UNREACHABLE_CODE = YES;
				CLANG_WARN__DUPLICATE_METHOD_MATCH = YES;
				COPY_PHASE_STRIP = NO;
				DEBUG_INFORMATION_FORMAT = dwarf;
				ENABLE_STRICT_OBJC_MSGSEND = YES;
				ENABLE_TESTABILITY = YES;
				GCC_C_LANGUAGE_STANDARD = gnu11;
				GCC_DYNAMIC_NO_PIC = NO;
				GCC_NO_COMMON_BLOCKS = YES;
				GCC_OPTIMIZATION_LEVEL = 0;
				GCC_PREPROCESSOR_DEFINITIONS = (
					"DEBUG=1",
					"$(inherited)",
				);
				GCC_WARN_64_TO_32_BIT_CONVERSION = YES;
				GCC_WARN_ABOUT_RETURN_TYPE = YES_ERROR;
				GCC_WARN_UNDECLARED_SELECTOR = YES;
				GCC_WARN_UNINITIALIZED_AUTOS = YES_AGGRESSIVE;
				GCC_WARN_UNUSED_FUNCTION = YES;
				GCC_WARN_UNUSED_VARIABLE = YES;
				IPHONEOS_DEPLOYMENT_TARGET = 15.5;
				MTL_ENABLE_DEBUG_INFO = INCLUDE_SOURCE;
				MTL_FAST_MATH = YES;
				ONLY_ACTIVE_ARCH = YES;
				SDKROOT = iphoneos;
				SWIFT_ACTIVE_COMPILATION_CONDITIONS = DEBUG;
				SWIFT_OPTIMIZATION_LEVEL = "-Onone";
			};
			name = Debug;
		};
		04A7374D290278490045B1D7 /* Release */ = {
			isa = XCBuildConfiguration;
			buildSettings = {
				ALWAYS_SEARCH_USER_PATHS = NO;
				CLANG_ANALYZER_NONNULL = YES;
				CLANG_ANALYZER_NUMBER_OBJECT_CONVERSION = YES_AGGRESSIVE;
				CLANG_CXX_LANGUAGE_STANDARD = "gnu++17";
				CLANG_ENABLE_MODULES = YES;
				CLANG_ENABLE_OBJC_ARC = YES;
				CLANG_ENABLE_OBJC_WEAK = YES;
				CLANG_WARN_BLOCK_CAPTURE_AUTORELEASING = YES;
				CLANG_WARN_BOOL_CONVERSION = YES;
				CLANG_WARN_COMMA = YES;
				CLANG_WARN_CONSTANT_CONVERSION = YES;
				CLANG_WARN_DEPRECATED_OBJC_IMPLEMENTATIONS = YES;
				CLANG_WARN_DIRECT_OBJC_ISA_USAGE = YES_ERROR;
				CLANG_WARN_DOCUMENTATION_COMMENTS = YES;
				CLANG_WARN_EMPTY_BODY = YES;
				CLANG_WARN_ENUM_CONVERSION = YES;
				CLANG_WARN_INFINITE_RECURSION = YES;
				CLANG_WARN_INT_CONVERSION = YES;
				CLANG_WARN_NON_LITERAL_NULL_CONVERSION = YES;
				CLANG_WARN_OBJC_IMPLICIT_RETAIN_SELF = YES;
				CLANG_WARN_OBJC_LITERAL_CONVERSION = YES;
				CLANG_WARN_OBJC_ROOT_CLASS = YES_ERROR;
				CLANG_WARN_QUOTED_INCLUDE_IN_FRAMEWORK_HEADER = YES;
				CLANG_WARN_RANGE_LOOP_ANALYSIS = YES;
				CLANG_WARN_STRICT_PROTOTYPES = YES;
				CLANG_WARN_SUSPICIOUS_MOVE = YES;
				CLANG_WARN_UNGUARDED_AVAILABILITY = YES_AGGRESSIVE;
				CLANG_WARN_UNREACHABLE_CODE = YES;
				CLANG_WARN__DUPLICATE_METHOD_MATCH = YES;
				COPY_PHASE_STRIP = NO;
				DEBUG_INFORMATION_FORMAT = "dwarf-with-dsym";
				ENABLE_NS_ASSERTIONS = NO;
				ENABLE_STRICT_OBJC_MSGSEND = YES;
				GCC_C_LANGUAGE_STANDARD = gnu11;
				GCC_NO_COMMON_BLOCKS = YES;
				GCC_WARN_64_TO_32_BIT_CONVERSION = YES;
				GCC_WARN_ABOUT_RETURN_TYPE = YES_ERROR;
				GCC_WARN_UNDECLARED_SELECTOR = YES;
				GCC_WARN_UNINITIALIZED_AUTOS = YES_AGGRESSIVE;
				GCC_WARN_UNUSED_FUNCTION = YES;
				GCC_WARN_UNUSED_VARIABLE = YES;
				IPHONEOS_DEPLOYMENT_TARGET = 15.5;
				MTL_ENABLE_DEBUG_INFO = NO;
				MTL_FAST_MATH = YES;
				SDKROOT = iphoneos;
				SWIFT_COMPILATION_MODE = wholemodule;
				SWIFT_OPTIMIZATION_LEVEL = "-O";
				VALIDATE_PRODUCT = YES;
			};
			name = Release;
		};
		04A7374F290278490045B1D7 /* Debug */ = {
			isa = XCBuildConfiguration;
			baseConfigurationReference = 92F7D8A4508E4D8636175017 /* Pods-JokesApp.debug.xcconfig */;
			buildSettings = {
				ASSETCATALOG_COMPILER_APPICON_NAME = AppIcon;
				ASSETCATALOG_COMPILER_GLOBAL_ACCENT_COLOR_NAME = AccentColor;
				CODE_SIGN_STYLE = Automatic;
				CURRENT_PROJECT_VERSION = 1;
				DEVELOPMENT_TEAM = 962VTQQ2MJ;
				GENERATE_INFOPLIST_FILE = YES;
				INFOPLIST_FILE = JokesApp/Info.plist;
				INFOPLIST_KEY_UIApplicationSupportsIndirectInputEvents = YES;
				INFOPLIST_KEY_UILaunchStoryboardName = LaunchScreen;
				INFOPLIST_KEY_UIMainStoryboardFile = Main;
				INFOPLIST_KEY_UISupportedInterfaceOrientations_iPad = "UIInterfaceOrientationPortrait UIInterfaceOrientationPortraitUpsideDown UIInterfaceOrientationLandscapeLeft UIInterfaceOrientationLandscapeRight";
				INFOPLIST_KEY_UISupportedInterfaceOrientations_iPhone = "UIInterfaceOrientationPortrait UIInterfaceOrientationLandscapeLeft UIInterfaceOrientationLandscapeRight";
				LD_RUNPATH_SEARCH_PATHS = (
					"$(inherited)",
					"@executable_path/Frameworks",
				);
				MARKETING_VERSION = 1.0;
				PRODUCT_BUNDLE_IDENTIFIER = "com.aapna.-PracticeSwiftUI.JokesApp";
				PRODUCT_NAME = "$(TARGET_NAME)";
				SWIFT_EMIT_LOC_STRINGS = YES;
				SWIFT_VERSION = 5.0;
				TARGETED_DEVICE_FAMILY = "1,2";
			};
			name = Debug;
		};
		04A73750290278490045B1D7 /* Release */ = {
			isa = XCBuildConfiguration;
			baseConfigurationReference = 0966B73759D91DC8AFB5B556 /* Pods-JokesApp.release.xcconfig */;
			buildSettings = {
				ASSETCATALOG_COMPILER_APPICON_NAME = AppIcon;
				ASSETCATALOG_COMPILER_GLOBAL_ACCENT_COLOR_NAME = AccentColor;
				CODE_SIGN_STYLE = Automatic;
				CURRENT_PROJECT_VERSION = 1;
				DEVELOPMENT_TEAM = 962VTQQ2MJ;
				GENERATE_INFOPLIST_FILE = YES;
				INFOPLIST_FILE = JokesApp/Info.plist;
				INFOPLIST_KEY_UIApplicationSupportsIndirectInputEvents = YES;
				INFOPLIST_KEY_UILaunchStoryboardName = LaunchScreen;
				INFOPLIST_KEY_UIMainStoryboardFile = Main;
				INFOPLIST_KEY_UISupportedInterfaceOrientations_iPad = "UIInterfaceOrientationPortrait UIInterfaceOrientationPortraitUpsideDown UIInterfaceOrientationLandscapeLeft UIInterfaceOrientationLandscapeRight";
				INFOPLIST_KEY_UISupportedInterfaceOrientations_iPhone = "UIInterfaceOrientationPortrait UIInterfaceOrientationLandscapeLeft UIInterfaceOrientationLandscapeRight";
				LD_RUNPATH_SEARCH_PATHS = (
					"$(inherited)",
					"@executable_path/Frameworks",
				);
				MARKETING_VERSION = 1.0;
				PRODUCT_BUNDLE_IDENTIFIER = "com.aapna.-PracticeSwiftUI.JokesApp";
				PRODUCT_NAME = "$(TARGET_NAME)";
				SWIFT_EMIT_LOC_STRINGS = YES;
				SWIFT_VERSION = 5.0;
				TARGETED_DEVICE_FAMILY = "1,2";
			};
			name = Release;
		};
		04A73752290278490045B1D7 /* Debug */ = {
			isa = XCBuildConfiguration;
			baseConfigurationReference = 40471F5190647F1C5C79629A /* Pods-JokesAppTests.debug.xcconfig */;
			buildSettings = {
				ALWAYS_EMBED_SWIFT_STANDARD_LIBRARIES = YES;
				BUNDLE_LOADER = "$(TEST_HOST)";
				CODE_SIGN_STYLE = Automatic;
				CURRENT_PROJECT_VERSION = 1;
				DEVELOPMENT_TEAM = 962VTQQ2MJ;
				GENERATE_INFOPLIST_FILE = YES;
				IPHONEOS_DEPLOYMENT_TARGET = 15.5;
				MARKETING_VERSION = 1.0;
				PRODUCT_BUNDLE_IDENTIFIER = "com.aapna.-PracticeSwiftUI.JokesAppTests";
				PRODUCT_NAME = "$(TARGET_NAME)";
				SWIFT_EMIT_LOC_STRINGS = NO;
				SWIFT_VERSION = 5.0;
				TARGETED_DEVICE_FAMILY = "1,2";
				TEST_HOST = "$(BUILT_PRODUCTS_DIR)/JokesApp.app/JokesApp";
			};
			name = Debug;
		};
		04A73753290278490045B1D7 /* Release */ = {
			isa = XCBuildConfiguration;
			baseConfigurationReference = 9E45CC88D0D0FD224CB71386 /* Pods-JokesAppTests.release.xcconfig */;
			buildSettings = {
				ALWAYS_EMBED_SWIFT_STANDARD_LIBRARIES = YES;
				BUNDLE_LOADER = "$(TEST_HOST)";
				CODE_SIGN_STYLE = Automatic;
				CURRENT_PROJECT_VERSION = 1;
				DEVELOPMENT_TEAM = 962VTQQ2MJ;
				GENERATE_INFOPLIST_FILE = YES;
				IPHONEOS_DEPLOYMENT_TARGET = 15.5;
				MARKETING_VERSION = 1.0;
				PRODUCT_BUNDLE_IDENTIFIER = "com.aapna.-PracticeSwiftUI.JokesAppTests";
				PRODUCT_NAME = "$(TARGET_NAME)";
				SWIFT_EMIT_LOC_STRINGS = NO;
				SWIFT_VERSION = 5.0;
				TARGETED_DEVICE_FAMILY = "1,2";
				TEST_HOST = "$(BUILT_PRODUCTS_DIR)/JokesApp.app/JokesApp";
			};
			name = Release;
		};
		04A73755290278490045B1D7 /* Debug */ = {
			isa = XCBuildConfiguration;
			baseConfigurationReference = 0D87823BED77191058D792A2 /* Pods-JokesApp-JokesAppUITests.debug.xcconfig */;
			buildSettings = {
				ALWAYS_EMBED_SWIFT_STANDARD_LIBRARIES = YES;
				CODE_SIGN_STYLE = Automatic;
				CURRENT_PROJECT_VERSION = 1;
				DEVELOPMENT_TEAM = 962VTQQ2MJ;
				GENERATE_INFOPLIST_FILE = YES;
				MARKETING_VERSION = 1.0;
				PRODUCT_BUNDLE_IDENTIFIER = "com.aapna.-PracticeSwiftUI.JokesAppUITests";
				PRODUCT_NAME = "$(TARGET_NAME)";
				SWIFT_EMIT_LOC_STRINGS = NO;
				SWIFT_VERSION = 5.0;
				TARGETED_DEVICE_FAMILY = "1,2";
				TEST_TARGET_NAME = JokesApp;
			};
			name = Debug;
		};
		04A73756290278490045B1D7 /* Release */ = {
			isa = XCBuildConfiguration;
			baseConfigurationReference = 8530DA48F9009C9EFFD01126 /* Pods-JokesApp-JokesAppUITests.release.xcconfig */;
			buildSettings = {
				ALWAYS_EMBED_SWIFT_STANDARD_LIBRARIES = YES;
				CODE_SIGN_STYLE = Automatic;
				CURRENT_PROJECT_VERSION = 1;
				DEVELOPMENT_TEAM = 962VTQQ2MJ;
				GENERATE_INFOPLIST_FILE = YES;
				MARKETING_VERSION = 1.0;
				PRODUCT_BUNDLE_IDENTIFIER = "com.aapna.-PracticeSwiftUI.JokesAppUITests";
				PRODUCT_NAME = "$(TARGET_NAME)";
				SWIFT_EMIT_LOC_STRINGS = NO;
				SWIFT_VERSION = 5.0;
				TARGETED_DEVICE_FAMILY = "1,2";
				TEST_TARGET_NAME = JokesApp;
			};
			name = Release;
		};
/* End XCBuildConfiguration section */

/* Begin XCConfigurationList section */
		04A7371C290278470045B1D7 /* Build configuration list for PBXProject "JokesApp" */ = {
			isa = XCConfigurationList;
			buildConfigurations = (
				04A7374C290278490045B1D7 /* Debug */,
				04A7374D290278490045B1D7 /* Release */,
			);
			defaultConfigurationIsVisible = 0;
			defaultConfigurationName = Release;
		};
		04A7374E290278490045B1D7 /* Build configuration list for PBXNativeTarget "JokesApp" */ = {
			isa = XCConfigurationList;
			buildConfigurations = (
				04A7374F290278490045B1D7 /* Debug */,
				04A73750290278490045B1D7 /* Release */,
			);
			defaultConfigurationIsVisible = 0;
			defaultConfigurationName = Release;
		};
		04A73751290278490045B1D7 /* Build configuration list for PBXNativeTarget "JokesAppTests" */ = {
			isa = XCConfigurationList;
			buildConfigurations = (
				04A73752290278490045B1D7 /* Debug */,
				04A73753290278490045B1D7 /* Release */,
			);
			defaultConfigurationIsVisible = 0;
			defaultConfigurationName = Release;
		};
		04A73754290278490045B1D7 /* Build configuration list for PBXNativeTarget "JokesAppUITests" */ = {
			isa = XCConfigurationList;
			buildConfigurations = (
				04A73755290278490045B1D7 /* Debug */,
				04A73756290278490045B1D7 /* Release */,
			);
			defaultConfigurationIsVisible = 0;
			defaultConfigurationName = Release;
		};
/* End XCConfigurationList section */

/* Begin XCVersionGroup section */
		04A7372D290278470045B1D7 /* JokesApp.xcdatamodeld */ = {
			isa = XCVersionGroup;
			children = (
				04A7372E290278470045B1D7 /* JokesApp.xcdatamodel */,
			);
			currentVersion = 04A7372E290278470045B1D7 /* JokesApp.xcdatamodel */;
			path = JokesApp.xcdatamodeld;
			sourceTree = "<group>";
			versionGroupType = wrapper.xcdatamodel;
		};
/* End XCVersionGroup section */
	};
	rootObject = 04A73719290278470045B1D7 /* Project object */;
}
